
Microsoft Visual Studio Solution File, Format Version 12.00
# Visual Studio Version 16
VisualStudioVersion = 16.0.30114.105
MinimumVisualStudioVersion = 10.0.40219.1
Project("{2150E333-8FDC-42A3-9474-1A3956D46DE8}") = "src", "src", "{F0C2745B-34B2-4407-8AD2-4E6E244A363B}"
EndProject
Project("{2150E333-8FDC-42A3-9474-1A3956D46DE8}") = "Shared", "Shared", "{C422E9B5-F888-4A3B-9760-E10BB01B4AC5}"
EndProject
Project("{FAE04EC0-301F-11D3-BF4B-00C04F79EFBC}") = "ApiGestor.Comunicacao", "src\Shared\ApiGestor.Comunicacao\ApiGestor.Comunicacao.csproj", "{254D5885-E159-4C8B-8876-3C119681AE44}"
EndProject
Project("{2150E333-8FDC-42A3-9474-1A3956D46DE8}") = "Backend", "Backend", "{D8580955-948D-4EF3-839F-2570D7C821A9}"
	ProjectSection(SolutionItems) = preProject
	EndProjectSection
EndProject
Project("{FAE04EC0-301F-11D3-BF4B-00C04F79EFBC}") = "ApiGestor.Application", "src\Backend\ApiGestor.Application\ApiGestor.Application.csproj", "{F20CCBE9-7834-47A4-857C-1DB860BE1B0D}"
EndProject
Project("{FAE04EC0-301F-11D3-BF4B-00C04F79EFBC}") = "ApiGestor.Domain", "src\Backend\ApiGestor.Domain\ApiGestor.Domain.csproj", "{195297D0-F841-453F-987D-0B616ACDF958}"
EndProject
Project("{FAE04EC0-301F-11D3-BF4B-00C04F79EFBC}") = "ApiGestor.Infrastructure", "src\Backend\ApiGestor.Infrastructure\ApiGestor.Infrastructure.csproj", "{1243C3EC-F2E7-4F64-AC66-BCC4C104D4B0}"
EndProject
Project("{FAE04EC0-301F-11D3-BF4B-00C04F79EFBC}") = "ApiGestor.Api", "src\Backend\ApiGestor.Api\ApiGestor.Api.csproj", "{9B7807AF-FEFC-420C-80EC-98A94905E41D}"
EndProject
Project("{FAE04EC0-301F-11D3-BF4B-00C04F79EFBC}") = "ApiGestor.Exceptions", "src\Shared\ApiGestor.Exceptions\ApiGestor.Exceptions.csproj", "{B4B9E660-E39E-42DF-B63C-FA973F7037FF}"
EndProject
Project("{2150E333-8FDC-42A3-9474-1A3956D46DE8}") = "test", "test", "{CD9EB447-58AA-427F-A98C-6B16AF8290BA}"
EndProject
Project("{FAE04EC0-301F-11D3-BF4B-00C04F79EFBC}") = "Validator.Test", "test\Validator.Test\Validator.Test.csproj", "{D4E30200-7AAB-4754-B26F-1A7B3D1F54B0}"
EndProject
Project("{FAE04EC0-301F-11D3-BF4B-00C04F79EFBC}") = "UseCases.Test", "test\UseCases.Test\UseCases.Test.csproj", "{969FC35D-1D62-44E6-9019-D0477A0CCC8D}"
EndProject
Project("{FAE04EC0-301F-11D3-BF4B-00C04F79EFBC}") = "WebApi.Test", "test\WebApi.Test\WebApi.Test.csproj", "{CD2EC8D7-BEC4-4865-A9F6-7FFA16C3F9E5}"
EndProject
Global
	GlobalSection(SolutionConfigurationPlatforms) = preSolution
		Debug|Any CPU = Debug|Any CPU
		Debug|x64 = Debug|x64
		Debug|x86 = Debug|x86
		Release|Any CPU = Release|Any CPU
		Release|x64 = Release|x64
		Release|x86 = Release|x86
	EndGlobalSection
	GlobalSection(SolutionProperties) = preSolution
		HideSolutionNode = FALSE
	EndGlobalSection
	GlobalSection(ProjectConfigurationPlatforms) = postSolution
		{254D5885-E159-4C8B-8876-3C119681AE44}.Debug|Any CPU.ActiveCfg = Debug|Any CPU
		{254D5885-E159-4C8B-8876-3C119681AE44}.Debug|Any CPU.Build.0 = Debug|Any CPU
		{254D5885-E159-4C8B-8876-3C119681AE44}.Debug|x64.ActiveCfg = Debug|Any CPU
		{254D5885-E159-4C8B-8876-3C119681AE44}.Debug|x64.Build.0 = Debug|Any CPU
		{254D5885-E159-4C8B-8876-3C119681AE44}.Debug|x86.ActiveCfg = Debug|Any CPU
		{254D5885-E159-4C8B-8876-3C119681AE44}.Debug|x86.Build.0 = Debug|Any CPU
		{254D5885-E159-4C8B-8876-3C119681AE44}.Release|Any CPU.ActiveCfg = Release|Any CPU
		{254D5885-E159-4C8B-8876-3C119681AE44}.Release|Any CPU.Build.0 = Release|Any CPU
		{254D5885-E159-4C8B-8876-3C119681AE44}.Release|x64.ActiveCfg = Release|Any CPU
		{254D5885-E159-4C8B-8876-3C119681AE44}.Release|x64.Build.0 = Release|Any CPU
		{254D5885-E159-4C8B-8876-3C119681AE44}.Release|x86.ActiveCfg = Release|Any CPU
		{254D5885-E159-4C8B-8876-3C119681AE44}.Release|x86.Build.0 = Release|Any CPU
		{F20CCBE9-7834-47A4-857C-1DB860BE1B0D}.Debug|Any CPU.ActiveCfg = Debug|Any CPU
		{F20CCBE9-7834-47A4-857C-1DB860BE1B0D}.Debug|Any CPU.Build.0 = Debug|Any CPU
		{F20CCBE9-7834-47A4-857C-1DB860BE1B0D}.Debug|x64.ActiveCfg = Debug|Any CPU
		{F20CCBE9-7834-47A4-857C-1DB860BE1B0D}.Debug|x64.Build.0 = Debug|Any CPU
		{F20CCBE9-7834-47A4-857C-1DB860BE1B0D}.Debug|x86.ActiveCfg = Debug|Any CPU
		{F20CCBE9-7834-47A4-857C-1DB860BE1B0D}.Debug|x86.Build.0 = Debug|Any CPU
		{F20CCBE9-7834-47A4-857C-1DB860BE1B0D}.Release|Any CPU.ActiveCfg = Release|Any CPU
		{F20CCBE9-7834-47A4-857C-1DB860BE1B0D}.Release|Any CPU.Build.0 = Release|Any CPU
		{F20CCBE9-7834-47A4-857C-1DB860BE1B0D}.Release|x64.ActiveCfg = Release|Any CPU
		{F20CCBE9-7834-47A4-857C-1DB860BE1B0D}.Release|x64.Build.0 = Release|Any CPU
		{F20CCBE9-7834-47A4-857C-1DB860BE1B0D}.Release|x86.ActiveCfg = Release|Any CPU
		{F20CCBE9-7834-47A4-857C-1DB860BE1B0D}.Release|x86.Build.0 = Release|Any CPU
		{195297D0-F841-453F-987D-0B616ACDF958}.Debug|Any CPU.ActiveCfg = Debug|Any CPU
		{195297D0-F841-453F-987D-0B616ACDF958}.Debug|Any CPU.Build.0 = Debug|Any CPU
		{195297D0-F841-453F-987D-0B616ACDF958}.Debug|x64.ActiveCfg = Debug|Any CPU
		{195297D0-F841-453F-987D-0B616ACDF958}.Debug|x64.Build.0 = Debug|Any CPU
		{195297D0-F841-453F-987D-0B616ACDF958}.Debug|x86.ActiveCfg = Debug|Any CPU
		{195297D0-F841-453F-987D-0B616ACDF958}.Debug|x86.Build.0 = Debug|Any CPU
		{195297D0-F841-453F-987D-0B616ACDF958}.Release|Any CPU.ActiveCfg = Release|Any CPU
		{195297D0-F841-453F-987D-0B616ACDF958}.Release|Any CPU.Build.0 = Release|Any CPU
		{195297D0-F841-453F-987D-0B616ACDF958}.Release|x64.ActiveCfg = Release|Any CPU
		{195297D0-F841-453F-987D-0B616ACDF958}.Release|x64.Build.0 = Release|Any CPU
		{195297D0-F841-453F-987D-0B616ACDF958}.Release|x86.ActiveCfg = Release|Any CPU
		{195297D0-F841-453F-987D-0B616ACDF958}.Release|x86.Build.0 = Release|Any CPU
		{1243C3EC-F2E7-4F64-AC66-BCC4C104D4B0}.Debug|Any CPU.ActiveCfg = Debug|Any CPU
		{1243C3EC-F2E7-4F64-AC66-BCC4C104D4B0}.Debug|Any CPU.Build.0 = Debug|Any CPU
		{1243C3EC-F2E7-4F64-AC66-BCC4C104D4B0}.Debug|x64.ActiveCfg = Debug|Any CPU
		{1243C3EC-F2E7-4F64-AC66-BCC4C104D4B0}.Debug|x64.Build.0 = Debug|Any CPU
		{1243C3EC-F2E7-4F64-AC66-BCC4C104D4B0}.Debug|x86.ActiveCfg = Debug|Any CPU
		{1243C3EC-F2E7-4F64-AC66-BCC4C104D4B0}.Debug|x86.Build.0 = Debug|Any CPU
		{1243C3EC-F2E7-4F64-AC66-BCC4C104D4B0}.Release|Any CPU.ActiveCfg = Release|Any CPU
		{1243C3EC-F2E7-4F64-AC66-BCC4C104D4B0}.Release|Any CPU.Build.0 = Release|Any CPU
		{1243C3EC-F2E7-4F64-AC66-BCC4C104D4B0}.Release|x64.ActiveCfg = Release|Any CPU
		{1243C3EC-F2E7-4F64-AC66-BCC4C104D4B0}.Release|x64.Build.0 = Release|Any CPU
		{1243C3EC-F2E7-4F64-AC66-BCC4C104D4B0}.Release|x86.ActiveCfg = Release|Any CPU
		{1243C3EC-F2E7-4F64-AC66-BCC4C104D4B0}.Release|x86.Build.0 = Release|Any CPU
		{9B7807AF-FEFC-420C-80EC-98A94905E41D}.Debug|Any CPU.ActiveCfg = Debug|Any CPU
		{9B7807AF-FEFC-420C-80EC-98A94905E41D}.Debug|Any CPU.Build.0 = Debug|Any CPU
		{9B7807AF-FEFC-420C-80EC-98A94905E41D}.Debug|x64.ActiveCfg = Debug|Any CPU
		{9B7807AF-FEFC-420C-80EC-98A94905E41D}.Debug|x64.Build.0 = Debug|Any CPU
		{9B7807AF-FEFC-420C-80EC-98A94905E41D}.Debug|x86.ActiveCfg = Debug|Any CPU
		{9B7807AF-FEFC-420C-80EC-98A94905E41D}.Debug|x86.Build.0 = Debug|Any CPU
		{9B7807AF-FEFC-420C-80EC-98A94905E41D}.Release|Any CPU.ActiveCfg = Release|Any CPU
		{9B7807AF-FEFC-420C-80EC-98A94905E41D}.Release|Any CPU.Build.0 = Release|Any CPU
		{9B7807AF-FEFC-420C-80EC-98A94905E41D}.Release|x64.ActiveCfg = Release|Any CPU
		{9B7807AF-FEFC-420C-80EC-98A94905E41D}.Release|x64.Build.0 = Release|Any CPU
		{9B7807AF-FEFC-420C-80EC-98A94905E41D}.Release|x86.ActiveCfg = Release|Any CPU
		{9B7807AF-FEFC-420C-80EC-98A94905E41D}.Release|x86.Build.0 = Release|Any CPU
		{B4B9E660-E39E-42DF-B63C-FA973F7037FF}.Debug|Any CPU.ActiveCfg = Debug|Any CPU
		{B4B9E660-E39E-42DF-B63C-FA973F7037FF}.Debug|Any CPU.Build.0 = Debug|Any CPU
		{B4B9E660-E39E-42DF-B63C-FA973F7037FF}.Debug|x64.ActiveCfg = Debug|Any CPU
		{B4B9E660-E39E-42DF-B63C-FA973F7037FF}.Debug|x64.Build.0 = Debug|Any CPU
		{B4B9E660-E39E-42DF-B63C-FA973F7037FF}.Debug|x86.ActiveCfg = Debug|Any CPU
		{B4B9E660-E39E-42DF-B63C-FA973F7037FF}.Debug|x86.Build.0 = Debug|Any CPU
		{B4B9E660-E39E-42DF-B63C-FA973F7037FF}.Release|Any CPU.ActiveCfg = Release|Any CPU
		{B4B9E660-E39E-42DF-B63C-FA973F7037FF}.Release|Any CPU.Build.0 = Release|Any CPU
		{B4B9E660-E39E-42DF-B63C-FA973F7037FF}.Release|x64.ActiveCfg = Release|Any CPU
		{B4B9E660-E39E-42DF-B63C-FA973F7037FF}.Release|x64.Build.0 = Release|Any CPU
		{B4B9E660-E39E-42DF-B63C-FA973F7037FF}.Release|x86.ActiveCfg = Release|Any CPU
		{B4B9E660-E39E-42DF-B63C-FA973F7037FF}.Release|x86.Build.0 = Release|Any CPU
		{D4E30200-7AAB-4754-B26F-1A7B3D1F54B0}.Debug|Any CPU.ActiveCfg = Debug|Any CPU
		{D4E30200-7AAB-4754-B26F-1A7B3D1F54B0}.Debug|Any CPU.Build.0 = Debug|Any CPU
		{D4E30200-7AAB-4754-B26F-1A7B3D1F54B0}.Debug|x64.ActiveCfg = Debug|Any CPU
		{D4E30200-7AAB-4754-B26F-1A7B3D1F54B0}.Debug|x64.Build.0 = Debug|Any CPU
		{D4E30200-7AAB-4754-B26F-1A7B3D1F54B0}.Debug|x86.ActiveCfg = Debug|Any CPU
		{D4E30200-7AAB-4754-B26F-1A7B3D1F54B0}.Debug|x86.Build.0 = Debug|Any CPU
		{D4E30200-7AAB-4754-B26F-1A7B3D1F54B0}.Release|Any CPU.ActiveCfg = Release|Any CPU
		{D4E30200-7AAB-4754-B26F-1A7B3D1F54B0}.Release|Any CPU.Build.0 = Release|Any CPU
		{D4E30200-7AAB-4754-B26F-1A7B3D1F54B0}.Release|x64.ActiveCfg = Release|Any CPU
		{D4E30200-7AAB-4754-B26F-1A7B3D1F54B0}.Release|x64.Build.0 = Release|Any CPU
		{D4E30200-7AAB-4754-B26F-1A7B3D1F54B0}.Release|x86.ActiveCfg = Release|Any CPU
		{D4E30200-7AAB-4754-B26F-1A7B3D1F54B0}.Release|x86.Build.0 = Release|Any CPU
		{969FC35D-1D62-44E6-9019-D0477A0CCC8D}.Debug|Any CPU.ActiveCfg = Debug|Any CPU
		{969FC35D-1D62-44E6-9019-D0477A0CCC8D}.Debug|Any CPU.Build.0 = Debug|Any CPU
		{969FC35D-1D62-44E6-9019-D0477A0CCC8D}.Debug|x64.ActiveCfg = Debug|Any CPU
		{969FC35D-1D62-44E6-9019-D0477A0CCC8D}.Debug|x64.Build.0 = Debug|Any CPU
		{969FC35D-1D62-44E6-9019-D0477A0CCC8D}.Debug|x86.ActiveCfg = Debug|Any CPU
		{969FC35D-1D62-44E6-9019-D0477A0CCC8D}.Debug|x86.Build.0 = Debug|Any CPU
		{969FC35D-1D62-44E6-9019-D0477A0CCC8D}.Release|Any CPU.ActiveCfg = Release|Any CPU
		{969FC35D-1D62-44E6-9019-D0477A0CCC8D}.Release|Any CPU.Build.0 = Release|Any CPU
		{969FC35D-1D62-44E6-9019-D0477A0CCC8D}.Release|x64.ActiveCfg = Release|Any CPU
		{969FC35D-1D62-44E6-9019-D0477A0CCC8D}.Release|x64.Build.0 = Release|Any CPU
		{969FC35D-1D62-44E6-9019-D0477A0CCC8D}.Release|x86.ActiveCfg = Release|Any CPU
		{969FC35D-1D62-44E6-9019-D0477A0CCC8D}.Release|x86.Build.0 = Release|Any CPU
		{CD2EC8D7-BEC4-4865-A9F6-7FFA16C3F9E5}.Debug|Any CPU.ActiveCfg = Debug|Any CPU
		{CD2EC8D7-BEC4-4865-A9F6-7FFA16C3F9E5}.Debug|Any CPU.Build.0 = Debug|Any CPU
		{CD2EC8D7-BEC4-4865-A9F6-7FFA16C3F9E5}.Debug|x64.ActiveCfg = Debug|Any CPU
		{CD2EC8D7-BEC4-4865-A9F6-7FFA16C3F9E5}.Debug|x64.Build.0 = Debug|Any CPU
		{CD2EC8D7-BEC4-4865-A9F6-7FFA16C3F9E5}.Debug|x86.ActiveCfg = Debug|Any CPU
		{CD2EC8D7-BEC4-4865-A9F6-7FFA16C3F9E5}.Debug|x86.Build.0 = Debug|Any CPU
		{CD2EC8D7-BEC4-4865-A9F6-7FFA16C3F9E5}.Release|Any CPU.ActiveCfg = Release|Any CPU
		{CD2EC8D7-BEC4-4865-A9F6-7FFA16C3F9E5}.Release|Any CPU.Build.0 = Release|Any CPU
		{CD2EC8D7-BEC4-4865-A9F6-7FFA16C3F9E5}.Release|x64.ActiveCfg = Release|Any CPU
		{CD2EC8D7-BEC4-4865-A9F6-7FFA16C3F9E5}.Release|x64.Build.0 = Release|Any CPU
		{CD2EC8D7-BEC4-4865-A9F6-7FFA16C3F9E5}.Release|x86.ActiveCfg = Release|Any CPU
		{CD2EC8D7-BEC4-4865-A9F6-7FFA16C3F9E5}.Release|x86.Build.0 = Release|Any CPU
	EndGlobalSection
	GlobalSection(NestedProjects) = preSolution
		{C422E9B5-F888-4A3B-9760-E10BB01B4AC5} = {F0C2745B-34B2-4407-8AD2-4E6E244A363B}
		{254D5885-E159-4C8B-8876-3C119681AE44} = {C422E9B5-F888-4A3B-9760-E10BB01B4AC5}
		{D8580955-948D-4EF3-839F-2570D7C821A9} = {F0C2745B-34B2-4407-8AD2-4E6E244A363B}
		{F20CCBE9-7834-47A4-857C-1DB860BE1B0D} = {D8580955-948D-4EF3-839F-2570D7C821A9}
		{195297D0-F841-453F-987D-0B616ACDF958} = {D8580955-948D-4EF3-839F-2570D7C821A9}
		{1243C3EC-F2E7-4F64-AC66-BCC4C104D4B0} = {D8580955-948D-4EF3-839F-2570D7C821A9}
		{9B7807AF-FEFC-420C-80EC-98A94905E41D} = {D8580955-948D-4EF3-839F-2570D7C821A9}
		{B4B9E660-E39E-42DF-B63C-FA973F7037FF} = {C422E9B5-F888-4A3B-9760-E10BB01B4AC5}
		{D4E30200-7AAB-4754-B26F-1A7B3D1F54B0} = {CD9EB447-58AA-427F-A98C-6B16AF8290BA}
		{969FC35D-1D62-44E6-9019-D0477A0CCC8D} = {CD9EB447-58AA-427F-A98C-6B16AF8290BA}
		{CD2EC8D7-BEC4-4865-A9F6-7FFA16C3F9E5} = {CD9EB447-58AA-427F-A98C-6B16AF8290BA}
	EndGlobalSection
EndGlobal
